// !$*UTF8*$!
{
	archiveVersion = 1;
	classes = {
	};
	objectVersion = 77;
	objects = {

/* Begin PBXBuildFile section */
		C1E68E6C2E45B00D006CD9BD /* RxCocoa in Frameworks */ = {isa = PBXBuildFile; productRef = C1E68E6B2E45B00D006CD9BD /* RxCocoa */; };
		C1E68E6E2E45B00D006CD9BD /* RxSwift in Frameworks */ = {isa = PBXBuildFile; productRef = C1E68E6D2E45B00D006CD9BD /* RxSwift */; };
/* End PBXBuildFile section */

/* Begin PBXContainerItemProxy section */
		C1E68DCB2E44EF2D006CD9BD /* PBXContainerItemProxy */ = {
			isa = PBXContainerItemProxy;
			containerPortal = C1E68DAC2E44EF2B006CD9BD /* Project object */;
			proxyType = 1;
			remoteGlobalIDString = C1E68DB32E44EF2B006CD9BD;
			remoteInfo = AlfaFlix;
		};
		C1E68DD52E44EF2D006CD9BD /* PBXContainerItemProxy */ = {
			isa = PBXContainerItemProxy;
			containerPortal = C1E68DAC2E44EF2B006CD9BD /* Project object */;
			proxyType = 1;
			remoteGlobalIDString = C1E68DB32E44EF2B006CD9BD;
			remoteInfo = AlfaFlix;
		};
/* End PBXContainerItemProxy section */

/* Begin PBXFileReference section */
		C1E68DB42E44EF2B006CD9BD /* AlfaFlix.app */ = {isa = PBXFileReference; explicitFileType = wrapper.application; includeInIndex = 0; path = AlfaFlix.app; sourceTree = BUILT_PRODUCTS_DIR; };
		C1E68DCA2E44EF2D006CD9BD /* AlfaFlixTests.xctest */ = {isa = PBXFileReference; explicitFileType = wrapper.cfbundle; includeInIndex = 0; path = AlfaFlixTests.xctest; sourceTree = BUILT_PRODUCTS_DIR; };
		C1E68DD42E44EF2D006CD9BD /* AlfaFlixUITests.xctest */ = {isa = PBXFileReference; explicitFileType = wrapper.cfbundle; includeInIndex = 0; path = AlfaFlixUITests.xctest; sourceTree = BUILT_PRODUCTS_DIR; };
/* End PBXFileReference section */

/* Begin PBXFileSystemSynchronizedBuildFileExceptionSet section */
		C1E68DDC2E44EF2D006CD9BD /* Exceptions for "AlfaFlix" folder in "AlfaFlix" target */ = {
			isa = PBXFileSystemSynchronizedBuildFileExceptionSet;
			membershipExceptions = (
				Info.plist,
			);
			target = C1E68DB32E44EF2B006CD9BD /* AlfaFlix */;
		};
/* End PBXFileSystemSynchronizedBuildFileExceptionSet section */

/* Begin PBXFileSystemSynchronizedRootGroup section */
		C1E68DB62E44EF2B006CD9BD /* AlfaFlix */ = {
			isa = PBXFileSystemSynchronizedRootGroup;
			exceptions = (
				C1E68DDC2E44EF2D006CD9BD /* Exceptions for "AlfaFlix" folder in "AlfaFlix" target */,
			);
			path = AlfaFlix;
			sourceTree = "<group>";
		};
		C1E68DCD2E44EF2D006CD9BD /* AlfaFlixTests */ = {
			isa = PBXFileSystemSynchronizedRootGroup;
			path = AlfaFlixTests;
			sourceTree = "<group>";
		};
		C1E68DD72E44EF2D006CD9BD /* AlfaFlixUITests */ = {
			isa = PBXFileSystemSynchronizedRootGroup;
			path = AlfaFlixUITests;
			sourceTree = "<group>";
		};
/* End PBXFileSystemSynchronizedRootGroup section */

/* Begin PBXFrameworksBuildPhase section */
		C1E68DB12E44EF2B006CD9BD /* Frameworks */ = {
			isa = PBXFrameworksBuildPhase;
			buildActionMask = 2147483647;
			files = (
				C1E68E6E2E45B00D006CD9BD /* RxSwift in Frameworks */,
				C1E68E6C2E45B00D006CD9BD /* RxCocoa in Frameworks */,
			);
			runOnlyForDeploymentPostprocessing = 0;
		};
		C1E68DC72E44EF2D006CD9BD /* Frameworks */ = {
			isa = PBXFrameworksBuildPhase;
			buildActionMask = 2147483647;
			files = (
			);
			runOnlyForDeploymentPostprocessing = 0;
		};
		C1E68DD12E44EF2D006CD9BD /* Frameworks */ = {
			isa = PBXFrameworksBuildPhase;
			buildActionMask = 2147483647;
			files = (
			);
			runOnlyForDeploymentPostprocessing = 0;
		};
/* End PBXFrameworksBuildPhase section */

/* Begin PBXGroup section */
		C1E68DAB2E44EF2B006CD9BD = {
			isa = PBXGroup;
			children = (
				C1E68DB62E44EF2B006CD9BD /* AlfaFlix */,
				C1E68DCD2E44EF2D006CD9BD /* AlfaFlixTests */,
				C1E68DD72E44EF2D006CD9BD /* AlfaFlixUITests */,
				C1E68DB52E44EF2B006CD9BD /* Products */,
			);
			sourceTree = "<group>";
		};
		C1E68DB52E44EF2B006CD9BD /* Products */ = {
			isa = PBXGroup;
			children = (
				C1E68DB42E44EF2B006CD9BD /* AlfaFlix.app */,
				C1E68DCA2E44EF2D006CD9BD /* AlfaFlixTests.xctest */,
				C1E68DD42E44EF2D006CD9BD /* AlfaFlixUITests.xctest */,
			);
			name = Products;
			sourceTree = "<group>";
		};
/* End PBXGroup section */

/* Begin PBXNativeTarget section */
		C1E68DB32E44EF2B006CD9BD /* AlfaFlix */ = {
			isa = PBXNativeTarget;
			buildConfigurationList = C1E68DDD2E44EF2D006CD9BD /* Build configuration list for PBXNativeTarget "AlfaFlix" */;
			buildPhases = (
				C1E68DB02E44EF2B006CD9BD /* Sources */,
				C1E68DB12E44EF2B006CD9BD /* Frameworks */,
				C1E68DB22E44EF2B006CD9BD /* Resources */,
			);
			buildRules = (
			);
			dependencies = (
			);
			fileSystemSynchronizedGroups = (
				C1E68DB62E44EF2B006CD9BD /* AlfaFlix */,
			);
			name = AlfaFlix;
			packageProductDependencies = (
				C1E68E6B2E45B00D006CD9BD /* RxCocoa */,
				C1E68E6D2E45B00D006CD9BD /* RxSwift */,
			);
			productName = AlfaFlix;
			productReference = C1E68DB42E44EF2B006CD9BD /* AlfaFlix.app */;
			productType = "com.apple.product-type.application";
		};
		C1E68DC92E44EF2D006CD9BD /* AlfaFlixTests */ = {
			isa = PBXNativeTarget;
			buildConfigurationList = C1E68DE22E44EF2D006CD9BD /* Build configuration list for PBXNativeTarget "AlfaFlixTests" */;
			buildPhases = (
				C1E68DC62E44EF2D006CD9BD /* Sources */,
				C1E68DC72E44EF2D006CD9BD /* Frameworks */,
				C1E68DC82E44EF2D006CD9BD /* Resources */,
			);
			buildRules = (
			);
			dependencies = (
				C1E68DCC2E44EF2D006CD9BD /* PBXTargetDependency */,
			);
			fileSystemSynchronizedGroups = (
				C1E68DCD2E44EF2D006CD9BD /* AlfaFlixTests */,
			);
			name = AlfaFlixTests;
			packageProductDependencies = (
			);
			productName = AlfaFlixTests;
			productReference = C1E68DCA2E44EF2D006CD9BD /* AlfaFlixTests.xctest */;
			productType = "com.apple.product-type.bundle.unit-test";
		};
		C1E68DD32E44EF2D006CD9BD /* AlfaFlixUITests */ = {
			isa = PBXNativeTarget;
			buildConfigurationList = C1E68DE52E44EF2D006CD9BD /* Build configuration list for PBXNativeTarget "AlfaFlixUITests" */;
			buildPhases = (
				C1E68DD02E44EF2D006CD9BD /* Sources */,
				C1E68DD12E44EF2D006CD9BD /* Frameworks */,
				C1E68DD22E44EF2D006CD9BD /* Resources */,
			);
			buildRules = (
			);
			dependencies = (
				C1E68DD62E44EF2D006CD9BD /* PBXTargetDependency */,
			);
			fileSystemSynchronizedGroups = (
				C1E68DD72E44EF2D006CD9BD /* AlfaFlixUITests */,
			);
			name = AlfaFlixUITests;
			packageProductDependencies = (
			);
			productName = AlfaFlixUITests;
			productReference = C1E68DD42E44EF2D006CD9BD /* AlfaFlixUITests.xctest */;
			productType = "com.apple.product-type.bundle.ui-testing";
		};
/* End PBXNativeTarget section */

/* Begin PBXProject section */
		C1E68DAC2E44EF2B006CD9BD /* Project object */ = {
			isa = PBXProject;
			attributes = {
				BuildIndependentTargetsInParallel = 1;
				LastSwiftUpdateCheck = 1640;
				LastUpgradeCheck = 1640;
				TargetAttributes = {
					C1E68DB32E44EF2B006CD9BD = {
						CreatedOnToolsVersion = 16.4;
					};
					C1E68DC92E44EF2D006CD9BD = {
						CreatedOnToolsVersion = 16.4;
						TestTargetID = C1E68DB32E44EF2B006CD9BD;
					};
					C1E68DD32E44EF2D006CD9BD = {
						CreatedOnToolsVersion = 16.4;
						TestTargetID = C1E68DB32E44EF2B006CD9BD;
					};
				};
			};
			buildConfigurationList = C1E68DAF2E44EF2B006CD9BD /* Build configuration list for PBXProject "AlfaFlix" */;
			developmentRegion = en;
			hasScannedForEncodings = 0;
			knownRegions = (
				en,
				Base,
			);
			mainGroup = C1E68DAB2E44EF2B006CD9BD;
			minimizedProjectReferenceProxies = 1;
			packageReferences = (
				C1E68E6A2E45B00D006CD9BD /* XCRemoteSwiftPackageReference "RxSwift" */,
			);
			preferredProjectObjectVersion = 77;
			productRefGroup = C1E68DB52E44EF2B006CD9BD /* Products */;
			projectDirPath = "";
			projectRoot = "";
			targets = (
				C1E68DB32E44EF2B006CD9BD /* AlfaFlix */,
				C1E68DC92E44EF2D006CD9BD /* AlfaFlixTests */,
				C1E68DD32E44EF2D006CD9BD /* AlfaFlixUITests */,
			);
		};
/* End PBXProject section */

/* Begin PBXResourcesBuildPhase section */
		C1E68DB22E44EF2B006CD9BD /* Resources */ = {
			isa = PBXResourcesBuildPhase;
			buildActionMask = 2147483647;
			files = (
			);
			runOnlyForDeploymentPostprocessing = 0;
		};
		C1E68DC82E44EF2D006CD9BD /* Resources */ = {
			isa = PBXResourcesBuildPhase;
			buildActionMask = 2147483647;
			files = (
			);
			runOnlyForDeploymentPostprocessing = 0;
		};
		C1E68DD22E44EF2D006CD9BD /* Resources */ = {
			isa = PBXResourcesBuildPhase;
			buildActionMask = 2147483647;
			files = (
			);
			runOnlyForDeploymentPostprocessing = 0;
		};
/* End PBXResourcesBuildPhase section */

/* Begin PBXSourcesBuildPhase section */
		C1E68DB02E44EF2B006CD9BD /* Sources */ = {
			isa = PBXSourcesBuildPhase;
			buildActionMask = 2147483647;
			files = (
			);
			runOnlyForDeploymentPostprocessing = 0;
		};
		C1E68DC62E44EF2D006CD9BD /* Sources */ = {
			isa = PBXSourcesBuildPhase;
			buildActionMask = 2147483647;
			files = (
			);
			runOnlyForDeploymentPostprocessing = 0;
		};
		C1E68DD02E44EF2D006CD9BD /* Sources */ = {
			isa = PBXSourcesBuildPhase;
			buildActionMask = 2147483647;
			files = (
			);
			runOnlyForDeploymentPostprocessing = 0;
		};
/* End PBXSourcesBuildPhase section */

/* Begin PBXTargetDependency section */
		C1E68DCC2E44EF2D006CD9BD /* PBXTargetDependency */ = {
			isa = PBXTargetDependency;
			target = C1E68DB32E44EF2B006CD9BD /* AlfaFlix */;
			targetProxy = C1E68DCB2E44EF2D006CD9BD /* PBXContainerItemProxy */;
		};
		C1E68DD62E44EF2D006CD9BD /* PBXTargetDependency */ = {
			isa = PBXTargetDependency;
			target = C1E68DB32E44EF2B006CD9BD /* AlfaFlix */;
			targetProxy = C1E68DD52E44EF2D006CD9BD /* PBXContainerItemProxy */;
		};
/* End PBXTargetDependency section */

/* Begin XCBuildConfiguration section */
		C1E68DDE2E44EF2D006CD9BD /* Debug */ = {
			isa = XCBuildConfiguration;
			buildSettings = {
				ASSETCATALOG_COMPILER_APPICON_NAME = AppIcon;
				ASSETCATALOG_COMPILER_GLOBAL_ACCENT_COLOR_NAME = AccentColor;
				CODE_SIGN_STYLE = Automatic;
				CURRENT_PROJECT_VERSION = 1;
				DEVELOPMENT_TEAM = T7A66MU3ZQ;
				GENERATE_INFOPLIST_FILE = YES;
				INFOPLIST_FILE = AlfaFlix/Info.plist;
				INFOPLIST_KEY_LSApplicationCategoryType = "public.app-category.entertainment";
				INFOPLIST_KEY_UIApplicationSupportsIndirectInputEvents = YES;
				INFOPLIST_KEY_UILaunchStoryboardName = LaunchScreen;
				INFOPLIST_KEY_UISupportedInterfaceOrientations = UIInterfaceOrientationPortrait;
				IPHONEOS_DEPLOYMENT_TARGET = 13.0;
				LD_RUNPATH_SEARCH_PATHS = (
					"$(inherited)",
					"@executable_path/Frameworks",
				);
				MARKETING_VERSION = 1.0;
				PRODUCT_BUNDLE_IDENTIFIER = com.yoga.AlfaFlix;
				PRODUCT_NAME = "$(TARGET_NAME)";
				SWIFT_EMIT_LOC_STRINGS = YES;
				SWIFT_VERSION = 5.0;
				TARGETED_DEVICE_FAMILY = "1,2";
			};
			name = Debug;
		};
		C1E68DDF2E44EF2D006CD9BD /* Release */ = {
			isa = XCBuildConfiguration;
			buildSettings = {
				ASSETCATALOG_COMPILER_APPICON_NAME = AppIcon;
				ASSETCATALOG_COMPILER_GLOBAL_ACCENT_COLOR_NAME = AccentColor;
				CODE_SIGN_STYLE = Automatic;
				CURRENT_PROJECT_VERSION = 1;
				DEVELOPMENT_TEAM = T7A66MU3ZQ;
				GENERATE_INFOPLIST_FILE = YES;
				INFOPLIST_FILE = AlfaFlix/Info.plist;
				INFOPLIST_KEY_LSApplicationCategoryType = "public.app-category.entertainment";
				INFOPLIST_KEY_UIApplicationSupportsIndirectInputEvents = YES;
				INFOPLIST_KEY_UILaunchStoryboardName = LaunchScreen;
				INFOPLIST_KEY_UISupportedInterfaceOrientations = UIInterfaceOrientationPortrait;
				IPHONEOS_DEPLOYMENT_TARGET = 13.0;
				LD_RUNPATH_SEARCH_PATHS = (
					"$(inherited)",
					"@executable_path/Frameworks",
				);
				MARKETING_VERSION = 1.0;
				PRODUCT_BUNDLE_IDENTIFIER = com.yoga.AlfaFlix;
				PRODUCT_NAME = "$(TARGET_NAME)";
				SWIFT_EMIT_LOC_STRINGS = YES;
				SWIFT_VERSION = 5.0;
				TARGETED_DEVICE_FAMILY = "1,2";
			};
			name = Release;
		};
		C1E68DE02E44EF2D006CD9BD /* Debug */ = {
			isa = XCBuildConfiguration;
			buildSettings = {
				ALWAYS_SEARCH_USER_PATHS = NO;
				ASSETCATALOG_COMPILER_GENERATE_SWIFT_ASSET_SYMBOL_EXTENSIONS = YES;
				CLANG_ANALYZER_NONNULL = YES;
				CLANG_ANALYZER_NUMBER_OBJECT_CONVERSION = YES_AGGRESSIVE;
				CLANG_CXX_LANGUAGE_STANDARD = "gnu++20";
				CLANG_ENABLE_MODULES = YES;
				CLANG_ENABLE_OBJC_ARC = YES;
				CLANG_ENABLE_OBJC_WEAK = YES;
				CLANG_WARN_BLOCK_CAPTURE_AUTORELEASING = YES;
				CLANG_WARN_BOOL_CONVERSION = YES;
				CLANG_WARN_COMMA = YES;
				CLANG_WARN_CONSTANT_CONVERSION = YES;
				CLANG_WARN_DEPRECATED_OBJC_IMPLEMENTATIONS = YES;
				CLANG_WARN_DIRECT_OBJC_ISA_USAGE = YES_ERROR;
				CLANG_WARN_DOCUMENTATION_COMMENTS = YES;
				CLANG_WARN_EMPTY_BODY = YES;
				CLANG_WARN_ENUM_CONVERSION = YES;
				CLANG_WARN_INFINITE_RECURSION = YES;
				CLANG_WARN_INT_CONVERSION = YES;
				CLANG_WARN_NON_LITERAL_NULL_CONVERSION = YES;
				CLANG_WARN_OBJC_IMPLICIT_RETAIN_SELF = YES;
				CLANG_WARN_OBJC_LITERAL_CONVERSION = YES;
				CLANG_WARN_OBJC_ROOT_CLASS = YES_ERROR;
				CLANG_WARN_QUOTED_INCLUDE_IN_FRAMEWORK_HEADER = YES;
				CLANG_WARN_RANGE_LOOP_ANALYSIS = YES;
				CLANG_WARN_STRICT_PROTOTYPES = YES;
				CLANG_WARN_SUSPICIOUS_MOVE = YES;
				CLANG_WARN_UNGUARDED_AVAILABILITY = YES_AGGRESSIVE;
				CLANG_WARN_UNREACHABLE_CODE = YES;
				CLANG_WARN__DUPLICATE_METHOD_MATCH = YES;
				COPY_PHASE_STRIP = NO;
				DEBUG_INFORMATION_FORMAT = dwarf;
				DEVELOPMENT_TEAM = T7A66MU3ZQ;
				ENABLE_STRICT_OBJC_MSGSEND = YES;
				ENABLE_TESTABILITY = YES;
				ENABLE_USER_SCRIPT_SANDBOXING = YES;
				GCC_C_LANGUAGE_STANDARD = gnu17;
				GCC_DYNAMIC_NO_PIC = NO;
				GCC_NO_COMMON_BLOCKS = YES;
				GCC_OPTIMIZATION_LEVEL = 0;
				GCC_PREPROCESSOR_DEFINITIONS = (
					"DEBUG=1",
					"$(inherited)",
				);
				GCC_WARN_64_TO_32_BIT_CONVERSION = YES;
				GCC_WARN_ABOUT_RETURN_TYPE = YES_ERROR;
				GCC_WARN_UNDECLARED_SELECTOR = YES;
				GCC_WARN_UNINITIALIZED_AUTOS = YES_AGGRESSIVE;
				GCC_WARN_UNUSED_FUNCTION = YES;
				GCC_WARN_UNUSED_VARIABLE = YES;
				IPHONEOS_DEPLOYMENT_TARGET = 18.5;
				LOCALIZATION_PREFERS_STRING_CATALOGS = YES;
				MTL_ENABLE_DEBUG_INFO = INCLUDE_SOURCE;
				MTL_FAST_MATH = YES;
				ONLY_ACTIVE_ARCH = YES;
				SDKROOT = iphoneos;
				SWIFT_ACTIVE_COMPILATION_CONDITIONS = "DEBUG $(inherited)";
				SWIFT_OPTIMIZATION_LEVEL = "-Onone";
			};
			name = Debug;
		};
		C1E68DE12E44EF2D006CD9BD /* Release */ = {
			isa = XCBuildConfiguration;
			buildSettings = {
				ALWAYS_SEARCH_USER_PATHS = NO;
				ASSETCATALOG_COMPILER_GENERATE_SWIFT_ASSET_SYMBOL_EXTENSIONS = YES;
				CLANG_ANALYZER_NONNULL = YES;
				CLANG_ANALYZER_NUMBER_OBJECT_CONVERSION = YES_AGGRESSIVE;
				CLANG_CXX_LANGUAGE_STANDARD = "gnu++20";
				CLANG_ENABLE_MODULES = YES;
				CLANG_ENABLE_OBJC_ARC = YES;
				CLANG_ENABLE_OBJC_WEAK = YES;
				CLANG_WARN_BLOCK_CAPTURE_AUTORELEASING = YES;
				CLANG_WARN_BOOL_CONVERSION = YES;
				CLANG_WARN_COMMA = YES;
				CLANG_WARN_CONSTANT_CONVERSION = YES;
				CLANG_WARN_DEPRECATED_OBJC_IMPLEMENTATIONS = YES;
				CLANG_WARN_DIRECT_OBJC_ISA_USAGE = YES_ERROR;
				CLANG_WARN_DOCUMENTATION_COMMENTS = YES;
				CLANG_WARN_EMPTY_BODY = YES;
				CLANG_WARN_ENUM_CONVERSION = YES;
				CLANG_WARN_INFINITE_RECURSION = YES;
				CLANG_WARN_INT_CONVERSION = YES;
				CLANG_WARN_NON_LITERAL_NULL_CONVERSION = YES;
				CLANG_WARN_OBJC_IMPLICIT_RETAIN_SELF = YES;
				CLANG_WARN_OBJC_LITERAL_CONVERSION = YES;
				CLANG_WARN_OBJC_ROOT_CLASS = YES_ERROR;
				CLANG_WARN_QUOTED_INCLUDE_IN_FRAMEWORK_HEADER = YES;
				CLANG_WARN_RANGE_LOOP_ANALYSIS = YES;
				CLANG_WARN_STRICT_PROTOTYPES = YES;
				CLANG_WARN_SUSPICIOUS_MOVE = YES;
				CLANG_WARN_UNGUARDED_AVAILABILITY = YES_AGGRESSIVE;
				CLANG_WARN_UNREACHABLE_CODE = YES;
				CLANG_WARN__DUPLICATE_METHOD_MATCH = YES;
				COPY_PHASE_STRIP = NO;
				DEBUG_INFORMATION_FORMAT = "dwarf-with-dsym";
				DEVELOPMENT_TEAM = T7A66MU3ZQ;
				ENABLE_NS_ASSERTIONS = NO;
				ENABLE_STRICT_OBJC_MSGSEND = YES;
				ENABLE_USER_SCRIPT_SANDBOXING = YES;
				GCC_C_LANGUAGE_STANDARD = gnu17;
				GCC_NO_COMMON_BLOCKS = YES;
				GCC_WARN_64_TO_32_BIT_CONVERSION = YES;
				GCC_WARN_ABOUT_RETURN_TYPE = YES_ERROR;
				GCC_WARN_UNDECLARED_SELECTOR = YES;
				GCC_WARN_UNINITIALIZED_AUTOS = YES_AGGRESSIVE;
				GCC_WARN_UNUSED_FUNCTION = YES;
				GCC_WARN_UNUSED_VARIABLE = YES;
				IPHONEOS_DEPLOYMENT_TARGET = 18.5;
				LOCALIZATION_PREFERS_STRING_CATALOGS = YES;
				MTL_ENABLE_DEBUG_INFO = NO;
				MTL_FAST_MATH = YES;
				SDKROOT = iphoneos;
				SWIFT_COMPILATION_MODE = wholemodule;
				VALIDATE_PRODUCT = YES;
			};
			name = Release;
		};
		C1E68DE32E44EF2D006CD9BD /* Debug */ = {
			isa = XCBuildConfiguration;
			buildSettings = {
				BUNDLE_LOADER = "$(TEST_HOST)";
				CODE_SIGN_STYLE = Automatic;
				CURRENT_PROJECT_VERSION = 1;
				DEVELOPMENT_TEAM = T7A66MU3ZQ;
				GENERATE_INFOPLIST_FILE = YES;
				IPHONEOS_DEPLOYMENT_TARGET = 18.5;
				MARKETING_VERSION = 1.0;
				PRODUCT_BUNDLE_IDENTIFIER = com.yoga.AlfaFlixTests;
				PRODUCT_NAME = "$(TARGET_NAME)";
				SWIFT_EMIT_LOC_STRINGS = NO;
				SWIFT_VERSION = 5.0;
				TARGETED_DEVICE_FAMILY = "1,2";
				TEST_HOST = "$(BUILT_PRODUCTS_DIR)/AlfaFlix.app/$(BUNDLE_EXECUTABLE_FOLDER_PATH)/AlfaFlix";
			};
			name = Debug;
		};
		C1E68DE42E44EF2D006CD9BD /* Release */ = {
			isa = XCBuildConfiguration;
			buildSettings = {
				BUNDLE_LOADER = "$(TEST_HOST)";
				CODE_SIGN_STYLE = Automatic;
				CURRENT_PROJECT_VERSION = 1;
				DEVELOPMENT_TEAM = T7A66MU3ZQ;
				GENERATE_INFOPLIST_FILE = YES;
				IPHONEOS_DEPLOYMENT_TARGET = 18.5;
				MARKETING_VERSION = 1.0;
				PRODUCT_BUNDLE_IDENTIFIER = com.yoga.AlfaFlixTests;
				PRODUCT_NAME = "$(TARGET_NAME)";
				SWIFT_EMIT_LOC_STRINGS = NO;
				SWIFT_VERSION = 5.0;
				TARGETED_DEVICE_FAMILY = "1,2";
				TEST_HOST = "$(BUILT_PRODUCTS_DIR)/AlfaFlix.app/$(BUNDLE_EXECUTABLE_FOLDER_PATH)/AlfaFlix";
			};
			name = Release;
		};
		C1E68DE62E44EF2D006CD9BD /* Debug */ = {
			isa = XCBuildConfiguration;
			buildSettings = {
				CODE_SIGN_STYLE = Automatic;
				CURRENT_PROJECT_VERSION = 1;
				DEVELOPMENT_TEAM = T7A66MU3ZQ;
				GENERATE_INFOPLIST_FILE = YES;
				MARKETING_VERSION = 1.0;
				PRODUCT_BUNDLE_IDENTIFIER = com.yoga.AlfaFlixUITests;
				PRODUCT_NAME = "$(TARGET_NAME)";
				SWIFT_EMIT_LOC_STRINGS = NO;
				SWIFT_VERSION = 5.0;
				TARGETED_DEVICE_FAMILY = "1,2";
				TEST_TARGET_NAME = AlfaFlix;
			};
			name = Debug;
		};
		C1E68DE72E44EF2D006CD9BD /* Release */ = {
			isa = XCBuildConfiguration;
			buildSettings = {
				CODE_SIGN_STYLE = Automatic;
				CURRENT_PROJECT_VERSION = 1;
				DEVELOPMENT_TEAM = T7A66MU3ZQ;
				GENERATE_INFOPLIST_FILE = YES;
				MARKETING_VERSION = 1.0;
				PRODUCT_BUNDLE_IDENTIFIER = com.yoga.AlfaFlixUITests;
				PRODUCT_NAME = "$(TARGET_NAME)";
				SWIFT_EMIT_LOC_STRINGS = NO;
				SWIFT_VERSION = 5.0;
				TARGETED_DEVICE_FAMILY = "1,2";
				TEST_TARGET_NAME = AlfaFlix;
			};
			name = Release;
		};
/* End XCBuildConfiguration section */

/* Begin XCConfigurationList section */
		C1E68DAF2E44EF2B006CD9BD /* Build configuration list for PBXProject "AlfaFlix" */ = {
			isa = XCConfigurationList;
			buildConfigurations = (
				C1E68DE02E44EF2D006CD9BD /* Debug */,
				C1E68DE12E44EF2D006CD9BD /* Release */,
			);
			defaultConfigurationIsVisible = 0;
			defaultConfigurationName = Release;
		};
		C1E68DDD2E44EF2D006CD9BD /* Build configuration list for PBXNativeTarget "AlfaFlix" */ = {
			isa = XCConfigurationList;
			buildConfigurations = (
				C1E68DDE2E44EF2D006CD9BD /* Debug */,
				C1E68DDF2E44EF2D006CD9BD /* Release */,
			);
			defaultConfigurationIsVisible = 0;
			defaultConfigurationName = Release;
		};
		C1E68DE22E44EF2D006CD9BD /* Build configuration list for PBXNativeTarget "AlfaFlixTests" */ = {
			isa = XCConfigurationList;
			buildConfigurations = (
				C1E68DE32E44EF2D006CD9BD /* Debug */,
				C1E68DE42E44EF2D006CD9BD /* Release */,
			);
			defaultConfigurationIsVisible = 0;
			defaultConfigurationName = Release;
		};
		C1E68DE52E44EF2D006CD9BD /* Build configuration list for PBXNativeTarget "AlfaFlixUITests" */ = {
			isa = XCConfigurationList;
			buildConfigurations = (
				C1E68DE62E44EF2D006CD9BD /* Debug */,
				C1E68DE72E44EF2D006CD9BD /* Release */,
			);
			defaultConfigurationIsVisible = 0;
			defaultConfigurationName = Release;
		};
/* End XCConfigurationList section */

/* Begin XCRemoteSwiftPackageReference section */
		C1E68E6A2E45B00D006CD9BD /* XCRemoteSwiftPackageReference "RxSwift" */ = {
			isa = XCRemoteSwiftPackageReference;
			repositoryURL = "https://github.com/ReactiveX/RxSwift";
			requirement = {
				kind = upToNextMajorVersion;
				minimumVersion = 6.9.0;
			};
		};
/* End XCRemoteSwiftPackageReference section */

/* Begin XCSwiftPackageProductDependency section */
		C1E68E6B2E45B00D006CD9BD /* RxCocoa */ = {
			isa = XCSwiftPackageProductDependency;
			package = C1E68E6A2E45B00D006CD9BD /* XCRemoteSwiftPackageReference "RxSwift" */;
			productName = RxCocoa;
		};
		C1E68E6D2E45B00D006CD9BD /* RxSwift */ = {
			isa = XCSwiftPackageProductDependency;
			package = C1E68E6A2E45B00D006CD9BD /* XCRemoteSwiftPackageReference "RxSwift" */;
			productName = RxSwift;
		};
/* End XCSwiftPackageProductDependency section */
	};
	rootObject = C1E68DAC2E44EF2B006CD9BD /* Project object */;
}
